
Microsoft Visual Studio Solution File, Format Version 12.00
# Visual Studio Version 17
VisualStudioVersion = 17.7.34031.279
MinimumVisualStudioVersion = 10.0.40219.1
Project("{FAE04EC0-301F-11D3-BF4B-00C04F79EFBC}") = "PM2Examen0023.Android", "PM2Examen0023.Android\PM2Examen0023.Android.csproj", "{FC557ACB-BE71-4005-9533-69E44FD55BD6}"
EndProject
Project("{FAE04EC0-301F-11D3-BF4B-00C04F79EFBC}") = "PM2Examen0023", "PM2Examen0023\PM2Examen0023.csproj", "{651EB332-2D8E-41E7-8EFA-575CA64D997D}"
EndProject
Global
	GlobalSection(SolutionConfigurationPlatforms) = preSolution
		Debug|Any CPU = Debug|Any CPU
		Release|Any CPU = Release|Any CPU
	EndGlobalSection
	GlobalSection(ProjectConfigurationPlatforms) = postSolution
		{FC557ACB-BE71-4005-9533-69E44FD55BD6}.Debug|Any CPU.ActiveCfg = Debug|Any CPU
		{FC557ACB-BE71-4005-9533-69E44FD55BD6}.Debug|Any CPU.Build.0 = Debug|Any CPU
		{FC557ACB-BE71-4005-9533-69E44FD55BD6}.Debug|Any CPU.Deploy.0 = Debug|Any CPU
		{FC557ACB-BE71-4005-9533-69E44FD55BD6}.Release|Any CPU.ActiveCfg = Release|Any CPU
		{FC557ACB-BE71-4005-9533-69E44FD55BD6}.Release|Any CPU.Build.0 = Release|Any CPU
		{FC557ACB-BE71-4005-9533-69E44FD55BD6}.Release|Any CPU.Deploy.0 = Release|Any CPU
		{651EB332-2D8E-41E7-8EFA-575CA64D997D}.Debug|Any CPU.ActiveCfg = Debug|Any CPU
		{651EB332-2D8E-41E7-8EFA-575CA64D997D}.Debug|Any CPU.Build.0 = Debug|Any CPU
		{651EB332-2D8E-41E7-8EFA-575CA64D997D}.Debug|Any CPU.Deploy.0 = Debug|Any CPU
		{651EB332-2D8E-41E7-8EFA-575CA64D997D}.Release|Any CPU.ActiveCfg = Release|Any CPU
		{651EB332-2D8E-41E7-8EFA-575CA64D997D}.Release|Any CPU.Build.0 = Release|Any CPU
		{651EB332-2D8E-41E7-8EFA-575CA64D997D}.Release|Any CPU.Deploy.0 = Release|Any CPU
	EndGlobalSection
	GlobalSection(SolutionProperties) = preSolution
		HideSolutionNode = FALSE
	EndGlobalSection
	GlobalSection(ExtensibilityGlobals) = postSolution
		SolutionGuid = {B6172C9C-565C-4C6A-A97E-116E091CB241}
	EndGlobalSection
EndGlobal
